
Microsoft Visual Studio Solution File, Format Version 12.00
# Visual Studio Version 17
VisualStudioVersion = 17.11.35312.102
MinimumVisualStudioVersion = 10.0.40219.1
Project("{FAE04EC0-301F-11D3-BF4B-00C04F79EFBC}") = "GameServer", "GameServer.csproj", "{664F2031-A2E3-4BEF-8E40-D49409D0FD1D}"
EndProject
Global
	GlobalSection(SolutionConfigurationPlatforms) = preSolution
		Debug|Any CPU = Debug|Any CPU
		Release|Any CPU = Release|Any CPU
	EndGlobalSection
	GlobalSection(ProjectConfigurationPlatforms) = postSolution
		{664F2031-A2E3-4BEF-8E40-D49409D0FD1D}.Debug|Any CPU.ActiveCfg = Debug|Any CPU
		{664F2031-A2E3-4BEF-8E40-D49409D0FD1D}.Debug|Any CPU.Build.0 = Debug|Any CPU
		{664F2031-A2E3-4BEF-8E40-D49409D0FD1D}.Release|Any CPU.ActiveCfg = Release|Any CPU
		{664F2031-A2E3-4BEF-8E40-D49409D0FD1D}.Release|Any CPU.Build.0 = Release|Any CPU
	EndGlobalSection
	GlobalSection(SolutionProperties) = preSolution
		HideSolutionNode = FALSE
	EndGlobalSection
	GlobalSection(ExtensibilityGlobals) = postSolution
		SolutionGuid = {C12EABE8-8833-41CF-83F4-0272565E7D74}
	EndGlobalSection
EndGlobal
